
Microsoft Visual Studio Solution File, Format Version 12.00
# Visual Studio 15
VisualStudioVersion = 15.0.26430.13
MinimumVisualStudioVersion = 10.0.40219.1
Project("{2150E333-8FDC-42A3-9474-1A3956D46DE8}") = "1. Backend", "1. Backend", "{0768DEEE-4D7A-41C2-939A-92F24724720C}"
EndProject
Project("{2150E333-8FDC-42A3-9474-1A3956D46DE8}") = "5. Modules", "5. Modules", "{0C223B6C-93C3-4336-A50D-3B2A604E1881}"
EndProject
Project("{2150E333-8FDC-42A3-9474-1A3956D46DE8}") = "3. Shared", "3. Shared", "{E1EF2A14-563C-4C83-91A2-8A16A00AFDCA}"
EndProject
Project("{2150E333-8FDC-42A3-9474-1A3956D46DE8}") = "4. Tools", "4. Tools", "{097D7656-AF7E-4311-8D57-5A17AD720773}"
EndProject
Project("{9A19103F-16F7-4668-BE54-9A1E7A4F7556}") = "Hale.Agent", "Hale.Agent\Hale.Agent.csproj", "{1B49CA5C-B895-4139-9080-29E711C2C23A}"
EndProject
Project("{9A19103F-16F7-4668-BE54-9A1E7A4F7556}") = "Hale.Core", "Hale.Core\Hale.Core.csproj", "{15C782A0-DC99-4B73-B305-B8468DAD29AC}"
EndProject
Project("{9A19103F-16F7-4668-BE54-9A1E7A4F7556}") = "Hale.Alert", "Shared\Hale.Alert\Hale.Alert.csproj", "{D33EE72E-93D9-487F-92AA-3FDB76052ED2}"
EndProject
Project("{9A19103F-16F7-4668-BE54-9A1E7A4F7556}") = "Hale.Alert.Email", "Shared\Hale.Alert.Email\Hale.Alert.Email.csproj", "{2CD59355-7A73-4738-8CD1-E6AF5D26E7C7}"
EndProject
Project("{9A19103F-16F7-4668-BE54-9A1E7A4F7556}") = "Hale.Alert.Pushbullet", "Shared\Hale.Alert.Pushbullet\Hale.Alert.Pushbullet.csproj", "{490B12D8-F9DE-4E63-AF13-825FED01BB86}"
EndProject
Project("{9A19103F-16F7-4668-BE54-9A1E7A4F7556}") = "Hale.Alert.Simple", "Shared\Hale.Alert.Simple\Hale.Alert.Simple.csproj", "{F589482C-D4AE-4A37-9825-E3C21808AFA8}"
EndProject
Project("{9A19103F-16F7-4668-BE54-9A1E7A4F7556}") = "Hale.Lib.ModuleLoader", "Shared\Hale.Lib.ModuleLoader\Hale.Lib.ModuleLoader.csproj", "{A9904F35-66FA-4296-92E3-15FA49D9CF1D}"
EndProject
Project("{9A19103F-16F7-4668-BE54-9A1E7A4F7556}") = "Hale.CheckTester", "Tools\Hale.CheckTester\Hale.CheckTester.csproj", "{45358E81-C3DA-4A94-9A69-B7468F610509}"
EndProject
Project("{FAE04EC0-301F-11D3-BF4B-00C04F79EFBC}") = "CpuModule", "Modules\Hale.Check.CpuUsage\CpuModule.csproj", "{D5431865-303D-4709-BDA8-5D1E26C4445E}"
EndProject
Project("{FAE04EC0-301F-11D3-BF4B-00C04F79EFBC}") = "StorageModule", "Modules\Hale.Check.DiskSpace\StorageModule.csproj", "{912018B1-15C8-41B1-9C96-FF4C057B635F}"
EndProject
Project("{FAE04EC0-301F-11D3-BF4B-00C04F79EFBC}") = "DnsModule", "Modules\Hale.Check.DnsResolvability\DnsModule.csproj", "{4DD16CBC-6F4B-4F6D-ADEB-D0F3742D67EC}"
EndProject
Project("{FAE04EC0-301F-11D3-BF4B-00C04F79EFBC}") = "MemoryModule", "Modules\Hale.Check.MemoryUsage\MemoryModule.csproj", "{34864891-9584-4BD1-B8CD-24FED6566C31}"
EndProject
Project("{FAE04EC0-301F-11D3-BF4B-00C04F79EFBC}") = "PagingUsage", "Modules\Hale.Check.PagingUsage\PagingUsage.csproj", "{4E0BF942-0E90-4CF9-89B1-C51EA1B75024}"
EndProject
Project("{FAE04EC0-301F-11D3-BF4B-00C04F79EFBC}") = "ServiceModule", "Modules\Hale.Check.ServiceStatus\ServiceModule.csproj", "{505D3570-29AF-402C-ABD6-384FC6073DA6}"
EndProject
Project("{FAE04EC0-301F-11D3-BF4B-00C04F79EFBC}") = "PowerModule", "Modules\Hale.Check.Uptime\PowerModule.csproj", "{65BB47ED-573C-48DD-ACC8-454E0EE4C039}"
EndProject
Project("{9A19103F-16F7-4668-BE54-9A1E7A4F7556}") = "Hale.Agent.BrandingAction", "Hale.Agent.BrandingAction\Hale.Agent.BrandingAction.csproj", "{094A0278-FAD5-4C45-93F2-4A6D12D96312}"
EndProject
Project("{930C7802-8A8C-48F9-8165-68863BCCD9DD}") = "Hale.Agent.Bootstrapper", "Hale.Agent.Bootstrapper\Hale.Agent.Bootstrapper.wixproj", "{F31C06C1-DD56-4BE0-8092-13F1497A9587}"
EndProject
Project("{930C7802-8A8C-48F9-8165-68863BCCD9DD}") = "Hale.Agent.Setup", "Hale.Agent.Setup\Hale.Agent.Setup.wixproj", "{19ACF1DC-F01C-4C2F-9791-8C75DB4E70BE}"
EndProject
Project("{2150E333-8FDC-42A3-9474-1A3956D46DE8}") = "Solution Items", "Solution Items", "{EFBE464D-C366-47E5-BB16-43F4477764D5}"
	ProjectSection(SolutionItems) = preProject
		.travis.yml = .travis.yml
		AnalysisRules.ruleset = AnalysisRules.ruleset
		BuildVersion.xml = BuildVersion.xml
		Hale-Monitoring.sln.startup.json = Hale-Monitoring.sln.startup.json
	EndProjectSection
EndProject
Project("{9A19103F-16F7-4668-BE54-9A1E7A4F7556}") = "Hale.Lib", "Shared\Hale.Lib\Hale.Lib.csproj", "{CF1E1001-E40F-40A8-B1E3-29FEB471B2BD}"
EndProject
Project("{9A19103F-16F7-4668-BE54-9A1E7A4F7556}") = "Hale.Core.Data", "Hale.Core.Data\Hale.Core.Data.csproj", "{0E7A15F8-64CD-4021-A321-28D4F8E2CEA3}"
EndProject
Project("{9A19103F-16F7-4668-BE54-9A1E7A4F7556}") = "Hale.Core.Model", "Hale.Core.Model\Hale.Core.Model.csproj", "{3C9EA9D8-7CCD-415F-ADD1-04A528295DD8}"
EndProject
Project("{9A19103F-16F7-4668-BE54-9A1E7A4F7556}") = "Hale.MsiInterop", "Hale.MsiInterop\Hale.MsiInterop.csproj", "{222DD828-376D-40E4-802E-B8137FD1A083}"
EndProject
Global
	GlobalSection(SolutionConfigurationPlatforms) = preSolution
		Debug|Any CPU = Debug|Any CPU
		Debug|x64 = Debug|x64
		Debug|x86 = Debug|x86
		Release|Any CPU = Release|Any CPU
		Release|x64 = Release|x64
		Release|x86 = Release|x86
	EndGlobalSection
	GlobalSection(ProjectConfigurationPlatforms) = postSolution
		{1B49CA5C-B895-4139-9080-29E711C2C23A}.Debug|Any CPU.ActiveCfg = Debug|Any CPU
		{1B49CA5C-B895-4139-9080-29E711C2C23A}.Debug|Any CPU.Build.0 = Debug|Any CPU
		{1B49CA5C-B895-4139-9080-29E711C2C23A}.Debug|x64.ActiveCfg = Debug|Any CPU
		{1B49CA5C-B895-4139-9080-29E711C2C23A}.Debug|x64.Build.0 = Debug|Any CPU
		{1B49CA5C-B895-4139-9080-29E711C2C23A}.Debug|x86.ActiveCfg = Debug|Any CPU
		{1B49CA5C-B895-4139-9080-29E711C2C23A}.Debug|x86.Build.0 = Debug|Any CPU
		{1B49CA5C-B895-4139-9080-29E711C2C23A}.Release|Any CPU.ActiveCfg = Release|Any CPU
		{1B49CA5C-B895-4139-9080-29E711C2C23A}.Release|Any CPU.Build.0 = Release|Any CPU
		{1B49CA5C-B895-4139-9080-29E711C2C23A}.Release|x64.ActiveCfg = Release|Any CPU
		{1B49CA5C-B895-4139-9080-29E711C2C23A}.Release|x64.Build.0 = Release|Any CPU
		{1B49CA5C-B895-4139-9080-29E711C2C23A}.Release|x86.ActiveCfg = Release|Any CPU
		{1B49CA5C-B895-4139-9080-29E711C2C23A}.Release|x86.Build.0 = Release|Any CPU
		{15C782A0-DC99-4B73-B305-B8468DAD29AC}.Debug|Any CPU.ActiveCfg = Debug|Any CPU
		{15C782A0-DC99-4B73-B305-B8468DAD29AC}.Debug|Any CPU.Build.0 = Debug|Any CPU
		{15C782A0-DC99-4B73-B305-B8468DAD29AC}.Debug|x64.ActiveCfg = Debug|Any CPU
		{15C782A0-DC99-4B73-B305-B8468DAD29AC}.Debug|x64.Build.0 = Debug|Any CPU
		{15C782A0-DC99-4B73-B305-B8468DAD29AC}.Debug|x86.ActiveCfg = Debug|Any CPU
		{15C782A0-DC99-4B73-B305-B8468DAD29AC}.Debug|x86.Build.0 = Debug|Any CPU
		{15C782A0-DC99-4B73-B305-B8468DAD29AC}.Release|Any CPU.ActiveCfg = Release|Any CPU
		{15C782A0-DC99-4B73-B305-B8468DAD29AC}.Release|Any CPU.Build.0 = Release|Any CPU
		{15C782A0-DC99-4B73-B305-B8468DAD29AC}.Release|x64.ActiveCfg = Release|Any CPU
		{15C782A0-DC99-4B73-B305-B8468DAD29AC}.Release|x64.Build.0 = Release|Any CPU
		{15C782A0-DC99-4B73-B305-B8468DAD29AC}.Release|x86.ActiveCfg = Release|Any CPU
		{15C782A0-DC99-4B73-B305-B8468DAD29AC}.Release|x86.Build.0 = Release|Any CPU
		{D33EE72E-93D9-487F-92AA-3FDB76052ED2}.Debug|Any CPU.ActiveCfg = Debug|Any CPU
		{D33EE72E-93D9-487F-92AA-3FDB76052ED2}.Debug|Any CPU.Build.0 = Debug|Any CPU
		{D33EE72E-93D9-487F-92AA-3FDB76052ED2}.Debug|x64.ActiveCfg = Debug|Any CPU
		{D33EE72E-93D9-487F-92AA-3FDB76052ED2}.Debug|x64.Build.0 = Debug|Any CPU
		{D33EE72E-93D9-487F-92AA-3FDB76052ED2}.Debug|x86.ActiveCfg = Debug|Any CPU
		{D33EE72E-93D9-487F-92AA-3FDB76052ED2}.Debug|x86.Build.0 = Debug|Any CPU
		{D33EE72E-93D9-487F-92AA-3FDB76052ED2}.Release|Any CPU.ActiveCfg = Release|Any CPU
		{D33EE72E-93D9-487F-92AA-3FDB76052ED2}.Release|Any CPU.Build.0 = Release|Any CPU
		{D33EE72E-93D9-487F-92AA-3FDB76052ED2}.Release|x64.ActiveCfg = Release|Any CPU
		{D33EE72E-93D9-487F-92AA-3FDB76052ED2}.Release|x64.Build.0 = Release|Any CPU
		{D33EE72E-93D9-487F-92AA-3FDB76052ED2}.Release|x86.ActiveCfg = Release|Any CPU
		{D33EE72E-93D9-487F-92AA-3FDB76052ED2}.Release|x86.Build.0 = Release|Any CPU
		{2CD59355-7A73-4738-8CD1-E6AF5D26E7C7}.Debug|Any CPU.ActiveCfg = Debug|Any CPU
		{2CD59355-7A73-4738-8CD1-E6AF5D26E7C7}.Debug|Any CPU.Build.0 = Debug|Any CPU
		{2CD59355-7A73-4738-8CD1-E6AF5D26E7C7}.Debug|x64.ActiveCfg = Debug|Any CPU
		{2CD59355-7A73-4738-8CD1-E6AF5D26E7C7}.Debug|x64.Build.0 = Debug|Any CPU
		{2CD59355-7A73-4738-8CD1-E6AF5D26E7C7}.Debug|x86.ActiveCfg = Debug|Any CPU
		{2CD59355-7A73-4738-8CD1-E6AF5D26E7C7}.Debug|x86.Build.0 = Debug|Any CPU
		{2CD59355-7A73-4738-8CD1-E6AF5D26E7C7}.Release|Any CPU.ActiveCfg = Release|Any CPU
		{2CD59355-7A73-4738-8CD1-E6AF5D26E7C7}.Release|Any CPU.Build.0 = Release|Any CPU
		{2CD59355-7A73-4738-8CD1-E6AF5D26E7C7}.Release|x64.ActiveCfg = Release|Any CPU
		{2CD59355-7A73-4738-8CD1-E6AF5D26E7C7}.Release|x64.Build.0 = Release|Any CPU
		{2CD59355-7A73-4738-8CD1-E6AF5D26E7C7}.Release|x86.ActiveCfg = Release|Any CPU
		{2CD59355-7A73-4738-8CD1-E6AF5D26E7C7}.Release|x86.Build.0 = Release|Any CPU
		{490B12D8-F9DE-4E63-AF13-825FED01BB86}.Debug|Any CPU.ActiveCfg = Debug|Any CPU
		{490B12D8-F9DE-4E63-AF13-825FED01BB86}.Debug|Any CPU.Build.0 = Debug|Any CPU
		{490B12D8-F9DE-4E63-AF13-825FED01BB86}.Debug|x64.ActiveCfg = Debug|Any CPU
		{490B12D8-F9DE-4E63-AF13-825FED01BB86}.Debug|x64.Build.0 = Debug|Any CPU
		{490B12D8-F9DE-4E63-AF13-825FED01BB86}.Debug|x86.ActiveCfg = Debug|Any CPU
		{490B12D8-F9DE-4E63-AF13-825FED01BB86}.Debug|x86.Build.0 = Debug|Any CPU
		{490B12D8-F9DE-4E63-AF13-825FED01BB86}.Release|Any CPU.ActiveCfg = Release|Any CPU
		{490B12D8-F9DE-4E63-AF13-825FED01BB86}.Release|Any CPU.Build.0 = Release|Any CPU
		{490B12D8-F9DE-4E63-AF13-825FED01BB86}.Release|x64.ActiveCfg = Release|Any CPU
		{490B12D8-F9DE-4E63-AF13-825FED01BB86}.Release|x64.Build.0 = Release|Any CPU
		{490B12D8-F9DE-4E63-AF13-825FED01BB86}.Release|x86.ActiveCfg = Release|Any CPU
		{490B12D8-F9DE-4E63-AF13-825FED01BB86}.Release|x86.Build.0 = Release|Any CPU
		{F589482C-D4AE-4A37-9825-E3C21808AFA8}.Debug|Any CPU.ActiveCfg = Debug|Any CPU
		{F589482C-D4AE-4A37-9825-E3C21808AFA8}.Debug|Any CPU.Build.0 = Debug|Any CPU
		{F589482C-D4AE-4A37-9825-E3C21808AFA8}.Debug|x64.ActiveCfg = Debug|Any CPU
		{F589482C-D4AE-4A37-9825-E3C21808AFA8}.Debug|x64.Build.0 = Debug|Any CPU
		{F589482C-D4AE-4A37-9825-E3C21808AFA8}.Debug|x86.ActiveCfg = Debug|Any CPU
		{F589482C-D4AE-4A37-9825-E3C21808AFA8}.Debug|x86.Build.0 = Debug|Any CPU
		{F589482C-D4AE-4A37-9825-E3C21808AFA8}.Release|Any CPU.ActiveCfg = Release|Any CPU
		{F589482C-D4AE-4A37-9825-E3C21808AFA8}.Release|Any CPU.Build.0 = Release|Any CPU
		{F589482C-D4AE-4A37-9825-E3C21808AFA8}.Release|x64.ActiveCfg = Release|Any CPU
		{F589482C-D4AE-4A37-9825-E3C21808AFA8}.Release|x64.Build.0 = Release|Any CPU
		{F589482C-D4AE-4A37-9825-E3C21808AFA8}.Release|x86.ActiveCfg = Release|Any CPU
		{F589482C-D4AE-4A37-9825-E3C21808AFA8}.Release|x86.Build.0 = Release|Any CPU
		{A9904F35-66FA-4296-92E3-15FA49D9CF1D}.Debug|Any CPU.ActiveCfg = Debug|Any CPU
		{A9904F35-66FA-4296-92E3-15FA49D9CF1D}.Debug|Any CPU.Build.0 = Debug|Any CPU
		{A9904F35-66FA-4296-92E3-15FA49D9CF1D}.Debug|x64.ActiveCfg = Debug|Any CPU
		{A9904F35-66FA-4296-92E3-15FA49D9CF1D}.Debug|x64.Build.0 = Debug|Any CPU
		{A9904F35-66FA-4296-92E3-15FA49D9CF1D}.Debug|x86.ActiveCfg = Debug|Any CPU
		{A9904F35-66FA-4296-92E3-15FA49D9CF1D}.Debug|x86.Build.0 = Debug|Any CPU
		{A9904F35-66FA-4296-92E3-15FA49D9CF1D}.Release|Any CPU.ActiveCfg = Release|Any CPU
		{A9904F35-66FA-4296-92E3-15FA49D9CF1D}.Release|Any CPU.Build.0 = Release|Any CPU
		{A9904F35-66FA-4296-92E3-15FA49D9CF1D}.Release|x64.ActiveCfg = Release|Any CPU
		{A9904F35-66FA-4296-92E3-15FA49D9CF1D}.Release|x64.Build.0 = Release|Any CPU
		{A9904F35-66FA-4296-92E3-15FA49D9CF1D}.Release|x86.ActiveCfg = Release|Any CPU
		{A9904F35-66FA-4296-92E3-15FA49D9CF1D}.Release|x86.Build.0 = Release|Any CPU
		{45358E81-C3DA-4A94-9A69-B7468F610509}.Debug|Any CPU.ActiveCfg = Debug|Any CPU
		{45358E81-C3DA-4A94-9A69-B7468F610509}.Debug|Any CPU.Build.0 = Debug|Any CPU
		{45358E81-C3DA-4A94-9A69-B7468F610509}.Debug|x64.ActiveCfg = Debug|Any CPU
		{45358E81-C3DA-4A94-9A69-B7468F610509}.Debug|x64.Build.0 = Debug|Any CPU
		{45358E81-C3DA-4A94-9A69-B7468F610509}.Debug|x86.ActiveCfg = Debug|Any CPU
		{45358E81-C3DA-4A94-9A69-B7468F610509}.Debug|x86.Build.0 = Debug|Any CPU
		{45358E81-C3DA-4A94-9A69-B7468F610509}.Release|Any CPU.ActiveCfg = Release|Any CPU
		{45358E81-C3DA-4A94-9A69-B7468F610509}.Release|Any CPU.Build.0 = Release|Any CPU
		{45358E81-C3DA-4A94-9A69-B7468F610509}.Release|x64.ActiveCfg = Release|Any CPU
		{45358E81-C3DA-4A94-9A69-B7468F610509}.Release|x64.Build.0 = Release|Any CPU
		{45358E81-C3DA-4A94-9A69-B7468F610509}.Release|x86.ActiveCfg = Release|Any CPU
		{45358E81-C3DA-4A94-9A69-B7468F610509}.Release|x86.Build.0 = Release|Any CPU
		{D5431865-303D-4709-BDA8-5D1E26C4445E}.Debug|Any CPU.ActiveCfg = Debug|Any CPU
		{D5431865-303D-4709-BDA8-5D1E26C4445E}.Debug|Any CPU.Build.0 = Debug|Any CPU
		{D5431865-303D-4709-BDA8-5D1E26C4445E}.Debug|x64.ActiveCfg = Debug|Any CPU
		{D5431865-303D-4709-BDA8-5D1E26C4445E}.Debug|x86.ActiveCfg = Debug|Any CPU
		{D5431865-303D-4709-BDA8-5D1E26C4445E}.Release|Any CPU.ActiveCfg = Release|Any CPU
		{D5431865-303D-4709-BDA8-5D1E26C4445E}.Release|Any CPU.Build.0 = Release|Any CPU
		{D5431865-303D-4709-BDA8-5D1E26C4445E}.Release|x64.ActiveCfg = Release|Any CPU
		{D5431865-303D-4709-BDA8-5D1E26C4445E}.Release|x86.ActiveCfg = Release|Any CPU
		{912018B1-15C8-41B1-9C96-FF4C057B635F}.Debug|Any CPU.ActiveCfg = Debug|Any CPU
		{912018B1-15C8-41B1-9C96-FF4C057B635F}.Debug|Any CPU.Build.0 = Debug|Any CPU
		{912018B1-15C8-41B1-9C96-FF4C057B635F}.Debug|x64.ActiveCfg = Debug|Any CPU
		{912018B1-15C8-41B1-9C96-FF4C057B635F}.Debug|x86.ActiveCfg = Debug|Any CPU
		{912018B1-15C8-41B1-9C96-FF4C057B635F}.Release|Any CPU.ActiveCfg = Release|Any CPU
		{912018B1-15C8-41B1-9C96-FF4C057B635F}.Release|Any CPU.Build.0 = Release|Any CPU
		{912018B1-15C8-41B1-9C96-FF4C057B635F}.Release|x64.ActiveCfg = Release|Any CPU
		{912018B1-15C8-41B1-9C96-FF4C057B635F}.Release|x86.ActiveCfg = Release|Any CPU
		{4DD16CBC-6F4B-4F6D-ADEB-D0F3742D67EC}.Debug|Any CPU.ActiveCfg = Debug|Any CPU
		{4DD16CBC-6F4B-4F6D-ADEB-D0F3742D67EC}.Debug|Any CPU.Build.0 = Debug|Any CPU
		{4DD16CBC-6F4B-4F6D-ADEB-D0F3742D67EC}.Debug|x64.ActiveCfg = Debug|Any CPU
		{4DD16CBC-6F4B-4F6D-ADEB-D0F3742D67EC}.Debug|x86.ActiveCfg = Debug|Any CPU
		{4DD16CBC-6F4B-4F6D-ADEB-D0F3742D67EC}.Release|Any CPU.ActiveCfg = Release|Any CPU
		{4DD16CBC-6F4B-4F6D-ADEB-D0F3742D67EC}.Release|Any CPU.Build.0 = Release|Any CPU
		{4DD16CBC-6F4B-4F6D-ADEB-D0F3742D67EC}.Release|x64.ActiveCfg = Release|Any CPU
		{4DD16CBC-6F4B-4F6D-ADEB-D0F3742D67EC}.Release|x86.ActiveCfg = Release|Any CPU
		{34864891-9584-4BD1-B8CD-24FED6566C31}.Debug|Any CPU.ActiveCfg = Debug|Any CPU
		{34864891-9584-4BD1-B8CD-24FED6566C31}.Debug|Any CPU.Build.0 = Debug|Any CPU
		{34864891-9584-4BD1-B8CD-24FED6566C31}.Debug|x64.ActiveCfg = Debug|Any CPU
		{34864891-9584-4BD1-B8CD-24FED6566C31}.Debug|x86.ActiveCfg = Debug|Any CPU
		{34864891-9584-4BD1-B8CD-24FED6566C31}.Release|Any CPU.ActiveCfg = Release|Any CPU
		{34864891-9584-4BD1-B8CD-24FED6566C31}.Release|Any CPU.Build.0 = Release|Any CPU
		{34864891-9584-4BD1-B8CD-24FED6566C31}.Release|x64.ActiveCfg = Release|Any CPU
		{34864891-9584-4BD1-B8CD-24FED6566C31}.Release|x86.ActiveCfg = Release|Any CPU
		{4E0BF942-0E90-4CF9-89B1-C51EA1B75024}.Debug|Any CPU.ActiveCfg = Debug|Any CPU
		{4E0BF942-0E90-4CF9-89B1-C51EA1B75024}.Debug|Any CPU.Build.0 = Debug|Any CPU
		{4E0BF942-0E90-4CF9-89B1-C51EA1B75024}.Debug|x64.ActiveCfg = Debug|Any CPU
		{4E0BF942-0E90-4CF9-89B1-C51EA1B75024}.Debug|x86.ActiveCfg = Debug|Any CPU
		{4E0BF942-0E90-4CF9-89B1-C51EA1B75024}.Release|Any CPU.ActiveCfg = Release|Any CPU
		{4E0BF942-0E90-4CF9-89B1-C51EA1B75024}.Release|Any CPU.Build.0 = Release|Any CPU
		{4E0BF942-0E90-4CF9-89B1-C51EA1B75024}.Release|x64.ActiveCfg = Release|Any CPU
		{4E0BF942-0E90-4CF9-89B1-C51EA1B75024}.Release|x86.ActiveCfg = Release|Any CPU
		{505D3570-29AF-402C-ABD6-384FC6073DA6}.Debug|Any CPU.ActiveCfg = Debug|Any CPU
		{505D3570-29AF-402C-ABD6-384FC6073DA6}.Debug|Any CPU.Build.0 = Debug|Any CPU
		{505D3570-29AF-402C-ABD6-384FC6073DA6}.Debug|x64.ActiveCfg = Debug|Any CPU
		{505D3570-29AF-402C-ABD6-384FC6073DA6}.Debug|x86.ActiveCfg = Debug|Any CPU
		{505D3570-29AF-402C-ABD6-384FC6073DA6}.Release|Any CPU.ActiveCfg = Release|Any CPU
		{505D3570-29AF-402C-ABD6-384FC6073DA6}.Release|Any CPU.Build.0 = Release|Any CPU
		{505D3570-29AF-402C-ABD6-384FC6073DA6}.Release|x64.ActiveCfg = Release|Any CPU
		{505D3570-29AF-402C-ABD6-384FC6073DA6}.Release|x86.ActiveCfg = Release|Any CPU
		{65BB47ED-573C-48DD-ACC8-454E0EE4C039}.Debug|Any CPU.ActiveCfg = Debug|Any CPU
		{65BB47ED-573C-48DD-ACC8-454E0EE4C039}.Debug|Any CPU.Build.0 = Debug|Any CPU
		{65BB47ED-573C-48DD-ACC8-454E0EE4C039}.Debug|x64.ActiveCfg = Debug|Any CPU
		{65BB47ED-573C-48DD-ACC8-454E0EE4C039}.Debug|x86.ActiveCfg = Debug|Any CPU
		{65BB47ED-573C-48DD-ACC8-454E0EE4C039}.Release|Any CPU.ActiveCfg = Release|Any CPU
		{65BB47ED-573C-48DD-ACC8-454E0EE4C039}.Release|Any CPU.Build.0 = Release|Any CPU
		{65BB47ED-573C-48DD-ACC8-454E0EE4C039}.Release|x64.ActiveCfg = Release|Any CPU
		{65BB47ED-573C-48DD-ACC8-454E0EE4C039}.Release|x86.ActiveCfg = Release|Any CPU
		{094A0278-FAD5-4C45-93F2-4A6D12D96312}.Debug|Any CPU.ActiveCfg = Debug|x86
		{094A0278-FAD5-4C45-93F2-4A6D12D96312}.Debug|x64.ActiveCfg = Debug|x86
		{094A0278-FAD5-4C45-93F2-4A6D12D96312}.Debug|x86.ActiveCfg = Debug|x86
		{094A0278-FAD5-4C45-93F2-4A6D12D96312}.Debug|x86.Build.0 = Debug|x86
		{094A0278-FAD5-4C45-93F2-4A6D12D96312}.Release|Any CPU.ActiveCfg = Release|x86
		{094A0278-FAD5-4C45-93F2-4A6D12D96312}.Release|x64.ActiveCfg = Release|x86
		{094A0278-FAD5-4C45-93F2-4A6D12D96312}.Release|x86.ActiveCfg = Release|x86
		{094A0278-FAD5-4C45-93F2-4A6D12D96312}.Release|x86.Build.0 = Release|x86
		{F31C06C1-DD56-4BE0-8092-13F1497A9587}.Debug|Any CPU.ActiveCfg = Debug|x86
		{F31C06C1-DD56-4BE0-8092-13F1497A9587}.Debug|x64.ActiveCfg = Debug|x86
		{F31C06C1-DD56-4BE0-8092-13F1497A9587}.Debug|x86.ActiveCfg = Debug|x86
		{F31C06C1-DD56-4BE0-8092-13F1497A9587}.Debug|x86.Build.0 = Debug|x86
		{F31C06C1-DD56-4BE0-8092-13F1497A9587}.Release|Any CPU.ActiveCfg = Release|x86
		{F31C06C1-DD56-4BE0-8092-13F1497A9587}.Release|x64.ActiveCfg = Release|x86
		{F31C06C1-DD56-4BE0-8092-13F1497A9587}.Release|x86.ActiveCfg = Release|x86
		{F31C06C1-DD56-4BE0-8092-13F1497A9587}.Release|x86.Build.0 = Release|x86
		{19ACF1DC-F01C-4C2F-9791-8C75DB4E70BE}.Debug|Any CPU.ActiveCfg = Debug|x86
		{19ACF1DC-F01C-4C2F-9791-8C75DB4E70BE}.Debug|x64.ActiveCfg = Debug|x86
		{19ACF1DC-F01C-4C2F-9791-8C75DB4E70BE}.Debug|x86.ActiveCfg = Debug|x86
		{19ACF1DC-F01C-4C2F-9791-8C75DB4E70BE}.Debug|x86.Build.0 = Debug|x86
		{19ACF1DC-F01C-4C2F-9791-8C75DB4E70BE}.Release|Any CPU.ActiveCfg = Release|x86
		{19ACF1DC-F01C-4C2F-9791-8C75DB4E70BE}.Release|x64.ActiveCfg = Release|x86
		{19ACF1DC-F01C-4C2F-9791-8C75DB4E70BE}.Release|x86.ActiveCfg = Release|x86
		{19ACF1DC-F01C-4C2F-9791-8C75DB4E70BE}.Release|x86.Build.0 = Release|x86
		{CF1E1001-E40F-40A8-B1E3-29FEB471B2BD}.Debug|Any CPU.ActiveCfg = Debug|Any CPU
		{CF1E1001-E40F-40A8-B1E3-29FEB471B2BD}.Debug|Any CPU.Build.0 = Debug|Any CPU
		{CF1E1001-E40F-40A8-B1E3-29FEB471B2BD}.Debug|x64.ActiveCfg = Debug|Any CPU
		{CF1E1001-E40F-40A8-B1E3-29FEB471B2BD}.Debug|x64.Build.0 = Debug|Any CPU
		{CF1E1001-E40F-40A8-B1E3-29FEB471B2BD}.Debug|x86.ActiveCfg = Debug|Any CPU
		{CF1E1001-E40F-40A8-B1E3-29FEB471B2BD}.Debug|x86.Build.0 = Debug|Any CPU
		{CF1E1001-E40F-40A8-B1E3-29FEB471B2BD}.Release|Any CPU.ActiveCfg = Release|Any CPU
		{CF1E1001-E40F-40A8-B1E3-29FEB471B2BD}.Release|Any CPU.Build.0 = Release|Any CPU
		{CF1E1001-E40F-40A8-B1E3-29FEB471B2BD}.Release|x64.ActiveCfg = Release|Any CPU
		{CF1E1001-E40F-40A8-B1E3-29FEB471B2BD}.Release|x64.Build.0 = Release|Any CPU
		{CF1E1001-E40F-40A8-B1E3-29FEB471B2BD}.Release|x86.ActiveCfg = Release|Any CPU
		{CF1E1001-E40F-40A8-B1E3-29FEB471B2BD}.Release|x86.Build.0 = Release|Any CPU
		{0E7A15F8-64CD-4021-A321-28D4F8E2CEA3}.Debug|Any CPU.ActiveCfg = Debug|Any CPU
		{0E7A15F8-64CD-4021-A321-28D4F8E2CEA3}.Debug|Any CPU.Build.0 = Debug|Any CPU
		{0E7A15F8-64CD-4021-A321-28D4F8E2CEA3}.Debug|x64.ActiveCfg = Debug|Any CPU
		{0E7A15F8-64CD-4021-A321-28D4F8E2CEA3}.Debug|x64.Build.0 = Debug|Any CPU
		{0E7A15F8-64CD-4021-A321-28D4F8E2CEA3}.Debug|x86.ActiveCfg = Debug|Any CPU
		{0E7A15F8-64CD-4021-A321-28D4F8E2CEA3}.Debug|x86.Build.0 = Debug|Any CPU
		{0E7A15F8-64CD-4021-A321-28D4F8E2CEA3}.Release|Any CPU.ActiveCfg = Release|Any CPU
		{0E7A15F8-64CD-4021-A321-28D4F8E2CEA3}.Release|Any CPU.Build.0 = Release|Any CPU
		{0E7A15F8-64CD-4021-A321-28D4F8E2CEA3}.Release|x64.ActiveCfg = Release|Any CPU
		{0E7A15F8-64CD-4021-A321-28D4F8E2CEA3}.Release|x64.Build.0 = Release|Any CPU
		{0E7A15F8-64CD-4021-A321-28D4F8E2CEA3}.Release|x86.ActiveCfg = Release|Any CPU
		{0E7A15F8-64CD-4021-A321-28D4F8E2CEA3}.Release|x86.Build.0 = Release|Any CPU
		{3C9EA9D8-7CCD-415F-ADD1-04A528295DD8}.Debug|Any CPU.ActiveCfg = Debug|Any CPU
		{3C9EA9D8-7CCD-415F-ADD1-04A528295DD8}.Debug|Any CPU.Build.0 = Debug|Any CPU
		{3C9EA9D8-7CCD-415F-ADD1-04A528295DD8}.Debug|x64.ActiveCfg = Debug|Any CPU
		{3C9EA9D8-7CCD-415F-ADD1-04A528295DD8}.Debug|x64.Build.0 = Debug|Any CPU
		{3C9EA9D8-7CCD-415F-ADD1-04A528295DD8}.Debug|x86.ActiveCfg = Debug|Any CPU
		{3C9EA9D8-7CCD-415F-ADD1-04A528295DD8}.Debug|x86.Build.0 = Debug|Any CPU
		{3C9EA9D8-7CCD-415F-ADD1-04A528295DD8}.Release|Any CPU.ActiveCfg = Release|Any CPU
		{3C9EA9D8-7CCD-415F-ADD1-04A528295DD8}.Release|Any CPU.Build.0 = Release|Any CPU
		{3C9EA9D8-7CCD-415F-ADD1-04A528295DD8}.Release|x64.ActiveCfg = Release|Any CPU
		{3C9EA9D8-7CCD-415F-ADD1-04A528295DD8}.Release|x64.Build.0 = Release|Any CPU
		{3C9EA9D8-7CCD-415F-ADD1-04A528295DD8}.Release|x86.ActiveCfg = Release|Any CPU
		{3C9EA9D8-7CCD-415F-ADD1-04A528295DD8}.Release|x86.Build.0 = Release|Any CPU
		{222DD828-376D-40E4-802E-B8137FD1A083}.Debug|Any CPU.ActiveCfg = Debug|Any CPU
		{222DD828-376D-40E4-802E-B8137FD1A083}.Debug|Any CPU.Build.0 = Debug|Any CPU
		{222DD828-376D-40E4-802E-B8137FD1A083}.Debug|x64.ActiveCfg = Debug|Any CPU
		{222DD828-376D-40E4-802E-B8137FD1A083}.Debug|x64.Build.0 = Debug|Any CPU
		{222DD828-376D-40E4-802E-B8137FD1A083}.Debug|x86.ActiveCfg = Debug|Any CPU
		{222DD828-376D-40E4-802E-B8137FD1A083}.Debug|x86.Build.0 = Debug|Any CPU
		{222DD828-376D-40E4-802E-B8137FD1A083}.Release|Any CPU.ActiveCfg = Release|Any CPU
		{222DD828-376D-40E4-802E-B8137FD1A083}.Release|Any CPU.Build.0 = Release|Any CPU
		{222DD828-376D-40E4-802E-B8137FD1A083}.Release|x64.ActiveCfg = Release|Any CPU
		{222DD828-376D-40E4-802E-B8137FD1A083}.Release|x64.Build.0 = Release|Any CPU
		{222DD828-376D-40E4-802E-B8137FD1A083}.Release|x86.ActiveCfg = Release|Any CPU
		{222DD828-376D-40E4-802E-B8137FD1A083}.Release|x86.Build.0 = Release|Any CPU
	EndGlobalSection
	GlobalSection(SolutionProperties) = preSolution
		HideSolutionNode = FALSE
	EndGlobalSection
	GlobalSection(NestedProjects) = preSolution
		{1B49CA5C-B895-4139-9080-29E711C2C23A} = {0768DEEE-4D7A-41C2-939A-92F24724720C}
		{15C782A0-DC99-4B73-B305-B8468DAD29AC} = {0768DEEE-4D7A-41C2-939A-92F24724720C}
		{D33EE72E-93D9-487F-92AA-3FDB76052ED2} = {E1EF2A14-563C-4C83-91A2-8A16A00AFDCA}
		{2CD59355-7A73-4738-8CD1-E6AF5D26E7C7} = {E1EF2A14-563C-4C83-91A2-8A16A00AFDCA}
		{490B12D8-F9DE-4E63-AF13-825FED01BB86} = {E1EF2A14-563C-4C83-91A2-8A16A00AFDCA}
		{F589482C-D4AE-4A37-9825-E3C21808AFA8} = {E1EF2A14-563C-4C83-91A2-8A16A00AFDCA}
		{A9904F35-66FA-4296-92E3-15FA49D9CF1D} = {E1EF2A14-563C-4C83-91A2-8A16A00AFDCA}
		{45358E81-C3DA-4A94-9A69-B7468F610509} = {097D7656-AF7E-4311-8D57-5A17AD720773}
		{D5431865-303D-4709-BDA8-5D1E26C4445E} = {0C223B6C-93C3-4336-A50D-3B2A604E1881}
		{912018B1-15C8-41B1-9C96-FF4C057B635F} = {0C223B6C-93C3-4336-A50D-3B2A604E1881}
		{4DD16CBC-6F4B-4F6D-ADEB-D0F3742D67EC} = {0C223B6C-93C3-4336-A50D-3B2A604E1881}
		{34864891-9584-4BD1-B8CD-24FED6566C31} = {0C223B6C-93C3-4336-A50D-3B2A604E1881}
		{4E0BF942-0E90-4CF9-89B1-C51EA1B75024} = {0C223B6C-93C3-4336-A50D-3B2A604E1881}
		{505D3570-29AF-402C-ABD6-384FC6073DA6} = {0C223B6C-93C3-4336-A50D-3B2A604E1881}
		{65BB47ED-573C-48DD-ACC8-454E0EE4C039} = {0C223B6C-93C3-4336-A50D-3B2A604E1881}
		{094A0278-FAD5-4C45-93F2-4A6D12D96312} = {0768DEEE-4D7A-41C2-939A-92F24724720C}
		{F31C06C1-DD56-4BE0-8092-13F1497A9587} = {0768DEEE-4D7A-41C2-939A-92F24724720C}
		{19ACF1DC-F01C-4C2F-9791-8C75DB4E70BE} = {0768DEEE-4D7A-41C2-939A-92F24724720C}
		{CF1E1001-E40F-40A8-B1E3-29FEB471B2BD} = {E1EF2A14-563C-4C83-91A2-8A16A00AFDCA}
		{0E7A15F8-64CD-4021-A321-28D4F8E2CEA3} = {0768DEEE-4D7A-41C2-939A-92F24724720C}
		{3C9EA9D8-7CCD-415F-ADD1-04A528295DD8} = {0768DEEE-4D7A-41C2-939A-92F24724720C}
		{222DD828-376D-40E4-802E-B8137FD1A083} = {E1EF2A14-563C-4C83-91A2-8A16A00AFDCA}
	EndGlobalSection
	GlobalSection(ExtensibilityGlobals) = postSolution
		SolutionGuid = {7D4A1D7D-9471-4231-92E6-64B41ECB5774}
	EndGlobalSection
EndGlobal
